{
  "name": "enscribe",
  "lockfileVersion": 3,
  "requires": true,
  "packages": {
    "": {
      "dependencies": {
        "readium-speech": "github:readium/speech#build"
      }
    },
    "node_modules/readium-speech": {
      "version": "1.0.0",
      "resolved": "git+ssh://git@github.com/readium/speech.git#42757c1429282791402e6a276977a851b70b4e5c",
      "license": "BSD-3-Clause"
    }
  }
}
